
Microsoft Visual Studio Solution File, Format Version 12.00
# Visual Studio Version 17
VisualStudioVersion = 17.10.35027.167
MinimumVisualStudioVersion = 10.0.40219.1
Project("{9A19103F-16F7-4668-BE54-9A1E7A4F7556}") = "MySite", "MySite\MySite.csproj", "{22B632E6-2428-4DC3-AD8C-BEE0AECF33D0}"
EndProject
Global
	GlobalSection(SolutionConfigurationPlatforms) = preSolution
		Debug|Any CPU = Debug|Any CPU
		Release|Any CPU = Release|Any CPU
	EndGlobalSection
	GlobalSection(ProjectConfigurationPlatforms) = postSolution
		{22B632E6-2428-4DC3-AD8C-BEE0AECF33D0}.Debug|Any CPU.ActiveCfg = Debug|Any CPU
		{22B632E6-2428-4DC3-AD8C-BEE0AECF33D0}.Debug|Any CPU.Build.0 = Debug|Any CPU
		{22B632E6-2428-4DC3-AD8C-BEE0AECF33D0}.Release|Any CPU.ActiveCfg = Release|Any CPU
		{22B632E6-2428-4DC3-AD8C-BEE0AECF33D0}.Release|Any CPU.Build.0 = Release|Any CPU
	EndGlobalSection
	GlobalSection(SolutionProperties) = preSolution
		HideSolutionNode = FALSE
	EndGlobalSection
	GlobalSection(ExtensibilityGlobals) = postSolution
		SolutionGuid = {4382145E-A32E-496C-A2AA-741438085B7F}
	EndGlobalSection
EndGlobal
